{
  "name": "server",
  "lockfileVersion": 3,
  "requires": true,
  "packages": {
    "": {
      "dependencies": {
        "bad-words": "^4.0.0",
        "washyourmouthoutwithsoap": "^1.0.2"
      }
    },
    "node_modules/bad-words": {
      "version": "4.0.0",
      "resolved": "https://registry.npmjs.org/bad-words/-/bad-words-4.0.0.tgz",
      "integrity": "sha512-fLjG/I0N3I7xhurqGnGitSRD10UeEE63a7hyXtutQDpxo4+Eal+i7veWeZxZJPNtsl6X1mUIoWPwt8gQ7NMQUw==",
      "license": "MIT",
      "dependencies": {
        "badwords-list": "^2.0.1-4"
      },
      "engines": {
        "node": ">=8.0.0"
      }
    },
    "node_modules/badwords-list": {
      "version": "2.0.1-4",
      "resolved": "https://registry.npmjs.org/badwords-list/-/badwords-list-2.0.1-4.tgz",
      "integrity": "sha512-FxfZUp7B9yCnesNtFQS9v6PvZdxTYa14Q60JR6vhjdQdWI4naTjJIyx22JzoER8ooeT8SAAKoHLjKfCV7XgYUQ==",
      "license": "MIT"
    },
    "node_modules/washyourmouthoutwithsoap": {
      "version": "1.0.2",
      "resolved": "https://registry.npmjs.org/washyourmouthoutwithsoap/-/washyourmouthoutwithsoap-1.0.2.tgz",
      "integrity": "sha512-N008S6j3VoPgjUwvW1Q2roTYg9Xuy1LfR/R4BdjddhzM8YBNgIR4FpSQ9zVmNkvpi/fS9cfAQLSjWKXE3wQ1zA==",
      "license": "MIT"
    }
  }
}
